
Microsoft Visual Studio Solution File, Format Version 12.00
# Visual Studio Version 16
VisualStudioVersion = 16.0.29926.136
MinimumVisualStudioVersion = 10.0.40219.1
Project("{FAE04EC0-301F-11D3-BF4B-00C04F79EFBC}") = "EventSourceGenerator", "EventSourceGenerator\EventSourceGenerator.csproj", "{FEE4DB14-7A4E-49C1-AD60-AD6C2D2A585D}"
EndProject
Global
	GlobalSection(SolutionConfigurationPlatforms) = preSolution
		Debug|Any CPU = Debug|Any CPU
		Release|Any CPU = Release|Any CPU
	EndGlobalSection
	GlobalSection(ProjectConfigurationPlatforms) = postSolution
		{FEE4DB14-7A4E-49C1-AD60-AD6C2D2A585D}.Debug|Any CPU.ActiveCfg = Debug|Any CPU
		{FEE4DB14-7A4E-49C1-AD60-AD6C2D2A585D}.Debug|Any CPU.Build.0 = Debug|Any CPU
		{FEE4DB14-7A4E-49C1-AD60-AD6C2D2A585D}.Release|Any CPU.ActiveCfg = Release|Any CPU
		{FEE4DB14-7A4E-49C1-AD60-AD6C2D2A585D}.Release|Any CPU.Build.0 = Release|Any CPU
	EndGlobalSection
	GlobalSection(SolutionProperties) = preSolution
		HideSolutionNode = FALSE
	EndGlobalSection
	GlobalSection(ExtensibilityGlobals) = postSolution
		SolutionGuid = {51A50D13-9787-417B-9C79-7D797D744354}
	EndGlobalSection
EndGlobal
